// !$*UTF8*$!
{
	archiveVersion = 1;
	classes = {
	};
	objectVersion = 50;
	objects = {

/* Begin PBXBuildFile section */
		7C72061AB37A4953CF3393D8 /* libPods-XYIGListDemo.a in Frameworks */ = {isa = PBXBuildFile; fileRef = B409755BD01C8ABA8589C824 /* libPods-XYIGListDemo.a */; };
		85188B4423B8883F0026AFE7 /* AppDelegate.m in Sources */ = {isa = PBXBuildFile; fileRef = 85188B4323B8883F0026AFE7 /* AppDelegate.m */; };
		85188B4723B888400026AFE7 /* SceneDelegate.m in Sources */ = {isa = PBXBuildFile; fileRef = 85188B4623B888400026AFE7 /* SceneDelegate.m */; };
		85188B4A23B888400026AFE7 /* ViewController.m in Sources */ = {isa = PBXBuildFile; fileRef = 85188B4923B888400026AFE7 /* ViewController.m */; };
		85188B4D23B888400026AFE7 /* Main.storyboard in Resources */ = {isa = PBXBuildFile; fileRef = 85188B4B23B888400026AFE7 /* Main.storyboard */; };
		85188B4F23B888410026AFE7 /* Assets.xcassets in Resources */ = {isa = PBXBuildFile; fileRef = 85188B4E23B888410026AFE7 /* Assets.xcassets */; };
		85188B5223B888410026AFE7 /* LaunchScreen.storyboard in Resources */ = {isa = PBXBuildFile; fileRef = 85188B5023B888410026AFE7 /* LaunchScreen.storyboard */; };
		85188B5523B888410026AFE7 /* main.m in Sources */ = {isa = PBXBuildFile; fileRef = 85188B5423B888410026AFE7 /* main.m */; };
		85188B5D23B89BFA0026AFE7 /* XYSectionController.m in Sources */ = {isa = PBXBuildFile; fileRef = 85188B5C23B89BFA0026AFE7 /* XYSectionController.m */; };
		85188B6023B8A2630026AFE7 /* LabelCell.m in Sources */ = {isa = PBXBuildFile; fileRef = 85188B5F23B8A2630026AFE7 /* LabelCell.m */; };
/* End PBXBuildFile section */

/* Begin PBXFileReference section */
		35D8F4A18A27CEA0FCCB6DC2 /* Pods-XYIGListDemo.debug.xcconfig */ = {isa = PBXFileReference; includeInIndex = 1; lastKnownFileType = text.xcconfig; name = "Pods-XYIGListDemo.debug.xcconfig"; path = "Target Support Files/Pods-XYIGListDemo/Pods-XYIGListDemo.debug.xcconfig"; sourceTree = "<group>"; };
		85188B3F23B8883F0026AFE7 /* XYIGListDemo.app */ = {isa = PBXFileReference; explicitFileType = wrapper.application; includeInIndex = 0; path = XYIGListDemo.app; sourceTree = BUILT_PRODUCTS_DIR; };
		85188B4223B8883F0026AFE7 /* AppDelegate.h */ = {isa = PBXFileReference; lastKnownFileType = sourcecode.c.h; path = AppDelegate.h; sourceTree = "<group>"; };
		85188B4323B8883F0026AFE7 /* AppDelegate.m */ = {isa = PBXFileReference; lastKnownFileType = sourcecode.c.objc; path = AppDelegate.m; sourceTree = "<group>"; };
		85188B4523B888400026AFE7 /* SceneDelegate.h */ = {isa = PBXFileReference; lastKnownFileType = sourcecode.c.h; path = SceneDelegate.h; sourceTree = "<group>"; };
		85188B4623B888400026AFE7 /* SceneDelegate.m */ = {isa = PBXFileReference; lastKnownFileType = sourcecode.c.objc; path = SceneDelegate.m; sourceTree = "<group>"; };
		85188B4823B888400026AFE7 /* ViewController.h */ = {isa = PBXFileReference; lastKnownFileType = sourcecode.c.h; path = ViewController.h; sourceTree = "<group>"; };
		85188B4923B888400026AFE7 /* ViewController.m */ = {isa = PBXFileReference; lastKnownFileType = sourcecode.c.objc; path = ViewController.m; sourceTree = "<group>"; };
		85188B4C23B888400026AFE7 /* Base */ = {isa = PBXFileReference; lastKnownFileType = file.storyboard; name = Base; path = Base.lproj/Main.storyboard; sourceTree = "<group>"; };
		85188B4E23B888410026AFE7 /* Assets.xcassets */ = {isa = PBXFileReference; lastKnownFileType = folder.assetcatalog; path = Assets.xcassets; sourceTree = "<group>"; };
		85188B5123B888410026AFE7 /* Base */ = {isa = PBXFileReference; lastKnownFileType = file.storyboard; name = Base; path = Base.lproj/LaunchScreen.storyboard; sourceTree = "<group>"; };
		85188B5323B888410026AFE7 /* Info.plist */ = {isa = PBXFileReference; lastKnownFileType = text.plist.xml; path = Info.plist; sourceTree = "<group>"; };
		85188B5423B888410026AFE7 /* main.m */ = {isa = PBXFileReference; lastKnownFileType = sourcecode.c.objc; path = main.m; sourceTree = "<group>"; };
		85188B5B23B89BFA0026AFE7 /* XYSectionController.h */ = {isa = PBXFileReference; lastKnownFileType = sourcecode.c.h; path = XYSectionController.h; sourceTree = "<group>"; };
		85188B5C23B89BFA0026AFE7 /* XYSectionController.m */ = {isa = PBXFileReference; lastKnownFileType = sourcecode.c.objc; path = XYSectionController.m; sourceTree = "<group>"; };
		85188B5E23B8A2630026AFE7 /* LabelCell.h */ = {isa = PBXFileReference; lastKnownFileType = sourcecode.c.h; path = LabelCell.h; sourceTree = "<group>"; };
		85188B5F23B8A2630026AFE7 /* LabelCell.m */ = {isa = PBXFileReference; lastKnownFileType = sourcecode.c.objc; path = LabelCell.m; sourceTree = "<group>"; };
		B409755BD01C8ABA8589C824 /* libPods-XYIGListDemo.a */ = {isa = PBXFileReference; explicitFileType = archive.ar; includeInIndex = 0; path = "libPods-XYIGListDemo.a"; sourceTree = BUILT_PRODUCTS_DIR; };
		C5F9C65378BD4EAF313B33FF /* Pods-XYIGListDemo.release.xcconfig */ = {isa = PBXFileReference; includeInIndex = 1; lastKnownFileType = text.xcconfig; name = "Pods-XYIGListDemo.release.xcconfig"; path = "Target Support Files/Pods-XYIGListDemo/Pods-XYIGListDemo.release.xcconfig"; sourceTree = "<group>"; };
/* End PBXFileReference section */

/* Begin PBXFrameworksBuildPhase section */
		85188B3C23B8883F0026AFE7 /* Frameworks */ = {
			isa = PBXFrameworksBuildPhase;
			buildActionMask = 2147483647;
			files = (
				7C72061AB37A4953CF3393D8 /* libPods-XYIGListDemo.a in Frameworks */,
			);
			runOnlyForDeploymentPostprocessing = 0;
		};
/* End PBXFrameworksBuildPhase section */

/* Begin PBXGroup section */
		36C822D8F975B4846F5F58B4 /* Frameworks */ = {
			isa = PBXGroup;
			children = (
				B409755BD01C8ABA8589C824 /* libPods-XYIGListDemo.a */,
			);
			name = Frameworks;
			sourceTree = "<group>";
		};
		85188B3623B8883F0026AFE7 = {
			isa = PBXGroup;
			children = (
				85188B4123B8883F0026AFE7 /* XYIGListDemo */,
				85188B4023B8883F0026AFE7 /* Products */,
				B35A4379696ACDDE6654E9E8 /* Pods */,
				36C822D8F975B4846F5F58B4 /* Frameworks */,
			);
			sourceTree = "<group>";
		};
		85188B4023B8883F0026AFE7 /* Products */ = {
			isa = PBXGroup;
			children = (
				85188B3F23B8883F0026AFE7 /* XYIGListDemo.app */,
			);
			name = Products;
			sourceTree = "<group>";
		};
		85188B4123B8883F0026AFE7 /* XYIGListDemo */ = {
			isa = PBXGroup;
			children = (
				85188B4223B8883F0026AFE7 /* AppDelegate.h */,
				85188B4323B8883F0026AFE7 /* AppDelegate.m */,
				85188B4523B888400026AFE7 /* SceneDelegate.h */,
				85188B4623B888400026AFE7 /* SceneDelegate.m */,
				85188B4823B888400026AFE7 /* ViewController.h */,
				85188B4923B888400026AFE7 /* ViewController.m */,
				85188B5B23B89BFA0026AFE7 /* XYSectionController.h */,
				85188B5C23B89BFA0026AFE7 /* XYSectionController.m */,
				85188B4B23B888400026AFE7 /* Main.storyboard */,
				85188B4E23B888410026AFE7 /* Assets.xcassets */,
				85188B5023B888410026AFE7 /* LaunchScreen.storyboard */,
				85188B5323B888410026AFE7 /* Info.plist */,
				85188B5423B888410026AFE7 /* main.m */,
				85188B5E23B8A2630026AFE7 /* LabelCell.h */,
				85188B5F23B8A2630026AFE7 /* LabelCell.m */,
			);
			path = XYIGListDemo;
			sourceTree = "<group>";
		};
		B35A4379696ACDDE6654E9E8 /* Pods */ = {
			isa = PBXGroup;
			children = (
				35D8F4A18A27CEA0FCCB6DC2 /* Pods-XYIGListDemo.debug.xcconfig */,
				C5F9C65378BD4EAF313B33FF /* Pods-XYIGListDemo.release.xcconfig */,
			);
			path = Pods;
			sourceTree = "<group>";
		};
/* End PBXGroup section */

/* Begin PBXNativeTarget section */
		85188B3E23B8883F0026AFE7 /* XYIGListDemo */ = {
			isa = PBXNativeTarget;
			buildConfigurationList = 85188B5823B888410026AFE7 /* Build configuration list for PBXNativeTarget "XYIGListDemo" */;
			buildPhases = (
				28141F7AD0D5C73D614C5424 /* [CP] Check Pods Manifest.lock */,
				85188B3B23B8883F0026AFE7 /* Sources */,
				85188B3C23B8883F0026AFE7 /* Frameworks */,
				85188B3D23B8883F0026AFE7 /* Resources */,
			);
			buildRules = (
			);
			dependencies = (
			);
			name = XYIGListDemo;
			productName = XYIGListDemo;
			productReference = 85188B3F23B8883F0026AFE7 /* XYIGListDemo.app */;
			productType = "com.apple.product-type.application";
		};
/* End PBXNativeTarget section */

/* Begin PBXProject section */
		85188B3723B8883F0026AFE7 /* Project object */ = {
			isa = PBXProject;
			attributes = {
				LastUpgradeCheck = 1130;
				ORGANIZATIONNAME = quxiangyu;
				TargetAttributes = {
					85188B3E23B8883F0026AFE7 = {
						CreatedOnToolsVersion = 11.3;
					};
				};
			};
			buildConfigurationList = 85188B3A23B8883F0026AFE7 /* Build configuration list for PBXProject "XYIGListDemo" */;
			compatibilityVersion = "Xcode 9.3";
			developmentRegion = en;
			hasScannedForEncodings = 0;
			knownRegions = (
				en,
				Base,
			);
			mainGroup = 85188B3623B8883F0026AFE7;
			productRefGroup = 85188B4023B8883F0026AFE7 /* Products */;
			projectDirPath = "";
			projectRoot = "";
			targets = (
				85188B3E23B8883F0026AFE7 /* XYIGListDemo */,
			);
		};
/* End PBXProject section */

/* Begin PBXResourcesBuildPhase section */
		85188B3D23B8883F0026AFE7 /* Resources */ = {
			isa = PBXResourcesBuildPhase;
			buildActionMask = 2147483647;
			files = (
				85188B5223B888410026AFE7 /* LaunchScreen.storyboard in Resources */,
				85188B4F23B888410026AFE7 /* Assets.xcassets in Resources */,
				85188B4D23B888400026AFE7 /* Main.storyboard in Resources */,
			);
			runOnlyForDeploymentPostprocessing = 0;
		};
/* End PBXResourcesBuildPhase section */

/* Begin PBXShellScriptBuildPhase section */
		28141F7AD0D5C73D614C5424 /* [CP] Check Pods Manifest.lock */ = {
			isa = PBXShellScriptBuildPhase;
			buildActionMask = 2147483647;
			files = (
			);
			inputFileListPaths = (
			);
			inputPaths = (
				"${PODS_PODFILE_DIR_PATH}/Podfile.lock",
				"${PODS_ROOT}/Manifest.lock",
			);
			name = "[CP] Check Pods Manifest.lock";
			outputFileListPaths = (
			);
			outputPaths = (
				"$(DERIVED_FILE_DIR)/Pods-XYIGListDemo-checkManifestLockResult.txt",
			);
			runOnlyForDeploymentPostprocessing = 0;
			shellPath = /bin/sh;
			shellScript = "diff \"${PODS_PODFILE_DIR_PATH}/Podfile.lock\" \"${PODS_ROOT}/Manifest.lock\" > /dev/null\nif [ $? != 0 ] ; then\n    # print error to STDERR\n    echo \"error: The sandbox is not in sync with the Podfile.lock. Run 'pod install' or update your CocoaPods installation.\" >&2\n    exit 1\nfi\n# This output is used by Xcode 'outputs' to avoid re-running this script phase.\necho \"SUCCESS\" > \"${SCRIPT_OUTPUT_FILE_0}\"\n";
			showEnvVarsInLog = 0;
		};
/* End PBXShellScriptBuildPhase section */

/* Begin PBXSourcesBuildPhase section */
		85188B3B23B8883F0026AFE7 /* Sources */ = {
			isa = PBXSourcesBuildPhase;
			buildActionMask = 2147483647;
			files = (
				85188B4A23B888400026AFE7 /* ViewController.m in Sources */,
				85188B4423B8883F0026AFE7 /* AppDelegate.m in Sources */,
				85188B6023B8A2630026AFE7 /* LabelCell.m in Sources */,
				85188B5523B888410026AFE7 /* main.m in Sources */,
				85188B5D23B89BFA0026AFE7 /* XYSectionController.m in Sources */,
				85188B4723B888400026AFE7 /* SceneDelegate.m in Sources */,
			);
			runOnlyForDeploymentPostprocessing = 0;
		};
/* End PBXSourcesBuildPhase section */

/* Begin PBXVariantGroup section */
		85188B4B23B888400026AFE7 /* Main.storyboard */ = {
			isa = PBXVariantGroup;
			children = (
				85188B4C23B888400026AFE7 /* Base */,
			);
			name = Main.storyboard;
			sourceTree = "<group>";
		};
		85188B5023B888410026AFE7 /* LaunchScreen.storyboard */ = {
			isa = PBXVariantGroup;
			children = (
				85188B5123B888410026AFE7 /* Base */,
			);
			name = LaunchScreen.storyboard;
			sourceTree = "<group>";
		};
/* End PBXVariantGroup section */

/* Begin XCBuildConfiguration section */
		85188B5623B888410026AFE7 /* Debug */ = {
			isa = XCBuildConfiguration;
			buildSettings = {
				ALWAYS_SEARCH_USER_PATHS = NO;
				CLANG_ANALYZER_NONNULL = YES;
				CLANG_ANALYZER_NUMBER_OBJECT_CONVERSION = YES_AGGRESSIVE;
				CLANG_CXX_LANGUAGE_STANDARD = "gnu++14";
				CLANG_CXX_LIBRARY = "libc++";
				CLANG_ENABLE_MODULES = YES;
				CLANG_ENABLE_OBJC_ARC = YES;
				CLANG_ENABLE_OBJC_WEAK = YES;
				CLANG_WARN_BLOCK_CAPTURE_AUTORELEASING = YES;
				CLANG_WARN_BOOL_CONVERSION = YES;
				CLANG_WARN_COMMA = YES;
				CLANG_WARN_CONSTANT_CONVERSION = YES;
				CLANG_WARN_DEPRECATED_OBJC_IMPLEMENTATIONS = YES;
				CLANG_WARN_DIRECT_OBJC_ISA_USAGE = YES_ERROR;
				CLANG_WARN_DOCUMENTATION_COMMENTS = YES;
				CLANG_WARN_EMPTY_BODY = YES;
				CLANG_WARN_ENUM_CONVERSION = YES;
				CLANG_WARN_INFINITE_RECURSION = YES;
				CLANG_WARN_INT_CONVERSION = YES;
				CLANG_WARN_NON_LITERAL_NULL_CONVERSION = YES;
				CLANG_WARN_OBJC_IMPLICIT_RETAIN_SELF = YES;
				CLANG_WARN_OBJC_LITERAL_CONVERSION = YES;
				CLANG_WARN_OBJC_ROOT_CLASS = YES_ERROR;
				CLANG_WARN_RANGE_LOOP_ANALYSIS = YES;
				CLANG_WARN_STRICT_PROTOTYPES = YES;
				CLANG_WARN_SUSPICIOUS_MOVE = YES;
				CLANG_WARN_UNGUARDED_AVAILABILITY = YES_AGGRESSIVE;
				CLANG_WARN_UNREACHABLE_CODE = YES;
				CLANG_WARN__DUPLICATE_METHOD_MATCH = YES;
				COPY_PHASE_STRIP = NO;
				DEBUG_INFORMATION_FORMAT = dwarf;
				ENABLE_STRICT_OBJC_MSGSEND = YES;
				ENABLE_TESTABILITY = YES;
				GCC_C_LANGUAGE_STANDARD = gnu11;
				GCC_DYNAMIC_NO_PIC = NO;
				GCC_NO_COMMON_BLOCKS = YES;
				GCC_OPTIMIZATION_LEVEL = 0;
				GCC_PREPROCESSOR_DEFINITIONS = (
					"DEBUG=1",
					"$(inherited)",
				);
				GCC_WARN_64_TO_32_BIT_CONVERSION = YES;
				GCC_WARN_ABOUT_RETURN_TYPE = YES_ERROR;
				GCC_WARN_UNDECLARED_SELECTOR = YES;
				GCC_WARN_UNINITIALIZED_AUTOS = YES_AGGRESSIVE;
				GCC_WARN_UNUSED_FUNCTION = YES;
				GCC_WARN_UNUSED_VARIABLE = YES;
				IPHONEOS_DEPLOYMENT_TARGET = 13.2;
				MTL_ENABLE_DEBUG_INFO = INCLUDE_SOURCE;
				MTL_FAST_MATH = YES;
				ONLY_ACTIVE_ARCH = YES;
				SDKROOT = iphoneos;
			};
			name = Debug;
		};
		85188B5723B888410026AFE7 /* Release */ = {
			isa = XCBuildConfiguration;
			buildSettings = {
				ALWAYS_SEARCH_USER_PATHS = NO;
				CLANG_ANALYZER_NONNULL = YES;
				CLANG_ANALYZER_NUMBER_OBJECT_CONVERSION = YES_AGGRESSIVE;
				CLANG_CXX_LANGUAGE_STANDARD = "gnu++14";
				CLANG_CXX_LIBRARY = "libc++";
				CLANG_ENABLE_MODULES = YES;
				CLANG_ENABLE_OBJC_ARC = YES;
				CLANG_ENABLE_OBJC_WEAK = YES;
				CLANG_WARN_BLOCK_CAPTURE_AUTORELEASING = YES;
				CLANG_WARN_BOOL_CONVERSION = YES;
				CLANG_WARN_COMMA = YES;
				CLANG_WARN_CONSTANT_CONVERSION = YES;
				CLANG_WARN_DEPRECATED_OBJC_IMPLEMENTATIONS = YES;
				CLANG_WARN_DIRECT_OBJC_ISA_USAGE = YES_ERROR;
				CLANG_WARN_DOCUMENTATION_COMMENTS = YES;
				CLANG_WARN_EMPTY_BODY = YES;
				CLANG_WARN_ENUM_CONVERSION = YES;
				CLANG_WARN_INFINITE_RECURSION = YES;
				CLANG_WARN_INT_CONVERSION = YES;
				CLANG_WARN_NON_LITERAL_NULL_CONVERSION = YES;
				CLANG_WARN_OBJC_IMPLICIT_RETAIN_SELF = YES;
				CLANG_WARN_OBJC_LITERAL_CONVERSION = YES;
				CLANG_WARN_OBJC_ROOT_CLASS = YES_ERROR;
				CLANG_WARN_RANGE_LOOP_ANALYSIS = YES;
				CLANG_WARN_STRICT_PROTOTYPES = YES;
				CLANG_WARN_SUSPICIOUS_MOVE = YES;
				CLANG_WARN_UNGUARDED_AVAILABILITY = YES_AGGRESSIVE;
				CLANG_WARN_UNREACHABLE_CODE = YES;
				CLANG_WARN__DUPLICATE_METHOD_MATCH = YES;
				COPY_PHASE_STRIP = NO;
				DEBUG_INFORMATION_FORMAT = "dwarf-with-dsym";
				ENABLE_NS_ASSERTIONS = NO;
				ENABLE_STRICT_OBJC_MSGSEND = YES;
				GCC_C_LANGUAGE_STANDARD = gnu11;
				GCC_NO_COMMON_BLOCKS = YES;
				GCC_WARN_64_TO_32_BIT_CONVERSION = YES;
				GCC_WARN_ABOUT_RETURN_TYPE = YES_ERROR;
				GCC_WARN_UNDECLARED_SELECTOR = YES;
				GCC_WARN_UNINITIALIZED_AUTOS = YES_AGGRESSIVE;
				GCC_WARN_UNUSED_FUNCTION = YES;
				GCC_WARN_UNUSED_VARIABLE = YES;
				IPHONEOS_DEPLOYMENT_TARGET = 13.2;
				MTL_ENABLE_DEBUG_INFO = NO;
				MTL_FAST_MATH = YES;
				SDKROOT = iphoneos;
				VALIDATE_PRODUCT = YES;
			};
			name = Release;
		};
		85188B5923B888410026AFE7 /* Debug */ = {
			isa = XCBuildConfiguration;
			baseConfigurationReference = 35D8F4A18A27CEA0FCCB6DC2 /* Pods-XYIGListDemo.debug.xcconfig */;
			buildSettings = {
				ASSETCATALOG_COMPILER_APPICON_NAME = AppIcon;
				CODE_SIGN_STYLE = Automatic;
				DEVELOPMENT_TEAM = 42VW94SVZ4;
				INFOPLIST_FILE = XYIGListDemo/Info.plist;
				LD_RUNPATH_SEARCH_PATHS = (
					"$(inherited)",
					"@executable_path/Frameworks",
				);
				PRODUCT_BUNDLE_IDENTIFIER = com.quxiangyu.XYIGListDemo;
				PRODUCT_NAME = "$(TARGET_NAME)";
				TARGETED_DEVICE_FAMILY = "1,2";
			};
			name = Debug;
		};
		85188B5A23B888410026AFE7 /* Release */ = {
			isa = XCBuildConfiguration;
			baseConfigurationReference = C5F9C65378BD4EAF313B33FF /* Pods-XYIGListDemo.release.xcconfig */;
			buildSettings = {
				ASSETCATALOG_COMPILER_APPICON_NAME = AppIcon;
				CODE_SIGN_STYLE = Automatic;
				DEVELOPMENT_TEAM = 42VW94SVZ4;
				INFOPLIST_FILE = XYIGListDemo/Info.plist;
				LD_RUNPATH_SEARCH_PATHS = (
					"$(inherited)",
					"@executable_path/Frameworks",
				);
				PRODUCT_BUNDLE_IDENTIFIER = com.quxiangyu.XYIGListDemo;
				PRODUCT_NAME = "$(TARGET_NAME)";
				TARGETED_DEVICE_FAMILY = "1,2";
			};
			name = Release;
		};
/* End XCBuildConfiguration section */

/* Begin XCConfigurationList section */
		85188B3A23B8883F0026AFE7 /* Build configuration list for PBXProject "XYIGListDemo" */ = {
			isa = XCConfigurationList;
			buildConfigurations = (
				85188B5623B888410026AFE7 /* Debug */,
				85188B5723B888410026AFE7 /* Release */,
			);
			defaultConfigurationIsVisible = 0;
			defaultConfigurationName = Release;
		};
		85188B5823B888410026AFE7 /* Build configuration list for PBXNativeTarget "XYIGListDemo" */ = {
			isa = XCConfigurationList;
			buildConfigurations = (
				85188B5923B888410026AFE7 /* Debug */,
				85188B5A23B888410026AFE7 /* Release */,
			);
			defaultConfigurationIsVisible = 0;
			defaultConfigurationName = Release;
		};
/* End XCConfigurationList section */
	};
	rootObject = 85188B3723B8883F0026AFE7 /* Project object */;
}
